
Microsoft Visual Studio Solution File, Format Version 12.00
# Visual Studio Version 16
VisualStudioVersion = 16.0.810.6
MinimumVisualStudioVersion = 10.0.40219.1
Project("{FAE04EC0-301F-11D3-BF4B-00C04F79EFBC}") = "Random_Number", "Random_Number\Random_Number.csproj", "{03463CFC-1C6D-491B-BB9A-512DE311549E}"
EndProject
Global
	GlobalSection(SolutionConfigurationPlatforms) = preSolution
		Debug|Any CPU = Debug|Any CPU
		Release|Any CPU = Release|Any CPU
	EndGlobalSection
	GlobalSection(ProjectConfigurationPlatforms) = postSolution
		{03463CFC-1C6D-491B-BB9A-512DE311549E}.Debug|Any CPU.ActiveCfg = Debug|Any CPU
		{03463CFC-1C6D-491B-BB9A-512DE311549E}.Debug|Any CPU.Build.0 = Debug|Any CPU
		{03463CFC-1C6D-491B-BB9A-512DE311549E}.Release|Any CPU.ActiveCfg = Release|Any CPU
		{03463CFC-1C6D-491B-BB9A-512DE311549E}.Release|Any CPU.Build.0 = Release|Any CPU
	EndGlobalSection
	GlobalSection(SolutionProperties) = preSolution
		HideSolutionNode = FALSE
	EndGlobalSection
	GlobalSection(ExtensibilityGlobals) = postSolution
		SolutionGuid = {08B40D85-0D30-4A08-B65C-9CFE2A2504AE}
	EndGlobalSection
EndGlobal
